// !$*UTF8*$!
{
	archiveVersion = 1;
	classes = {
	};
	objectVersion = 55;
	objects = {

/* Begin PBXBuildFile section */
		9BD317FF3ECA2CB453B8D703 /* Pods_VOM_Task.framework in Frameworks */ = {isa = PBXBuildFile; fileRef = 5A0F707A14CDDA54E0D65114 /* Pods_VOM_Task.framework */; };
		BF7119D129424AAE00BB95D1 /* AppDelegate.swift in Sources */ = {isa = PBXBuildFile; fileRef = BF7119D029424AAE00BB95D1 /* AppDelegate.swift */; };
		BF7119D329424AAE00BB95D1 /* SceneDelegate.swift in Sources */ = {isa = PBXBuildFile; fileRef = BF7119D229424AAE00BB95D1 /* SceneDelegate.swift */; };
		BF7119DA29424AB100BB95D1 /* Assets.xcassets in Resources */ = {isa = PBXBuildFile; fileRef = BF7119D929424AB100BB95D1 /* Assets.xcassets */; };
		BF7119DD29424AB100BB95D1 /* LaunchScreen.storyboard in Resources */ = {isa = PBXBuildFile; fileRef = BF7119DB29424AB100BB95D1 /* LaunchScreen.storyboard */; };
		BFB8859629425C7100C6B820 /* NetworkManager.swift in Sources */ = {isa = PBXBuildFile; fileRef = BFB8859529425C7100C6B820 /* NetworkManager.swift */; };
		BFB8859829425D0F00C6B820 /* NetworkManager+ParseResponse.swift in Sources */ = {isa = PBXBuildFile; fileRef = BFB8859729425D0F00C6B820 /* NetworkManager+ParseResponse.swift */; };
		BFB8859A29425D1F00C6B820 /* NetworkDefaults.swift in Sources */ = {isa = PBXBuildFile; fileRef = BFB8859929425D1F00C6B820 /* NetworkDefaults.swift */; };
		BFB8859F29425D7400C6B820 /* NetworkError.swift in Sources */ = {isa = PBXBuildFile; fileRef = BFB8859E29425D7400C6B820 /* NetworkError.swift */; };
		BFB885A5294260B200C6B820 /* FixerService.swift in Sources */ = {isa = PBXBuildFile; fileRef = BFB885A4294260B200C6B820 /* FixerService.swift */; };
		BFB885A7294260E200C6B820 /* NetworkManager+Fixer.swift in Sources */ = {isa = PBXBuildFile; fileRef = BFB885A6294260E200C6B820 /* NetworkManager+Fixer.swift */; };
		BFB885A9294262D300C6B820 /* AppDelegate+Extension.swift in Sources */ = {isa = PBXBuildFile; fileRef = BFB885A8294262D300C6B820 /* AppDelegate+Extension.swift */; };
		BFB885AF29426D4000C6B820 /* CurrencyDataModel.swift in Sources */ = {isa = PBXBuildFile; fileRef = BFB885AE29426D4000C6B820 /* CurrencyDataModel.swift */; };
		BFB885B42942766E00C6B820 /* HomeViewController.swift in Sources */ = {isa = PBXBuildFile; fileRef = BFB885B22942766E00C6B820 /* HomeViewController.swift */; };
		BFB885B52942766E00C6B820 /* HomeViewController.xib in Resources */ = {isa = PBXBuildFile; fileRef = BFB885B32942766E00C6B820 /* HomeViewController.xib */; };
		BFB885B72942767D00C6B820 /* HomeViewModel.swift in Sources */ = {isa = PBXBuildFile; fileRef = BFB885B62942767D00C6B820 /* HomeViewModel.swift */; };
		BFB885BA29431F8F00C6B820 /* BaseViewController.swift in Sources */ = {isa = PBXBuildFile; fileRef = BFB885B929431F8F00C6B820 /* BaseViewController.swift */; };
		BFB885BE294322BD00C6B820 /* Loader.swift in Sources */ = {isa = PBXBuildFile; fileRef = BFB885BD294322BD00C6B820 /* Loader.swift */; };
		BFB885C0294322F100C6B820 /* LoaderProtocol.swift in Sources */ = {isa = PBXBuildFile; fileRef = BFB885BF294322F100C6B820 /* LoaderProtocol.swift */; };
		BFB885C32943257E00C6B820 /* DetailsViewController.swift in Sources */ = {isa = PBXBuildFile; fileRef = BFB885C12943257E00C6B820 /* DetailsViewController.swift */; };
		BFB885C42943257E00C6B820 /* DetailsViewController.xib in Resources */ = {isa = PBXBuildFile; fileRef = BFB885C22943257E00C6B820 /* DetailsViewController.xib */; };
		BFB885C62943259400C6B820 /* DetailsViewModel.swift in Sources */ = {isa = PBXBuildFile; fileRef = BFB885C52943259400C6B820 /* DetailsViewModel.swift */; };
		BFB885C82943262500C6B820 /* BaseViewModelProtocol.swift in Sources */ = {isa = PBXBuildFile; fileRef = BFB885C72943262500C6B820 /* BaseViewModelProtocol.swift */; };
		BFB885CC29432BF400C6B820 /* CurrencyTableViewCell.swift in Sources */ = {isa = PBXBuildFile; fileRef = BFB885CA29432BF400C6B820 /* CurrencyTableViewCell.swift */; };
		BFB885CD29432BF400C6B820 /* CurrencyTableViewCell.xib in Resources */ = {isa = PBXBuildFile; fileRef = BFB885CB29432BF400C6B820 /* CurrencyTableViewCell.xib */; };
		BFB885D029432C4400C6B820 /* NSObject+Extension.swift in Sources */ = {isa = PBXBuildFile; fileRef = BFB885CF29432C4400C6B820 /* NSObject+Extension.swift */; };
		BFB885D229433BD600C6B820 /* CurrencySymbolModel.swift in Sources */ = {isa = PBXBuildFile; fileRef = BFB885D129433BD600C6B820 /* CurrencySymbolModel.swift */; };
		BFB885D42943562B00C6B820 /* UIColor+app.swift in Sources */ = {isa = PBXBuildFile; fileRef = BFB885D32943562B00C6B820 /* UIColor+app.swift */; };
		BFB885D82943567800C6B820 /* Colors.xcassets in Resources */ = {isa = PBXBuildFile; fileRef = BFB885D72943567800C6B820 /* Colors.xcassets */; };
		BFB885DB29435E7E00C6B820 /* AppNavigationController.swift in Sources */ = {isa = PBXBuildFile; fileRef = BFB885DA29435E7E00C6B820 /* AppNavigationController.swift */; };
		BFB885DD2944866400C6B820 /* ConvertCurrencyModel.swift in Sources */ = {isa = PBXBuildFile; fileRef = BFB885DC2944866400C6B820 /* ConvertCurrencyModel.swift */; };
/* End PBXBuildFile section */

/* Begin PBXFileReference section */
		5A0F707A14CDDA54E0D65114 /* Pods_VOM_Task.framework */ = {isa = PBXFileReference; explicitFileType = wrapper.framework; includeInIndex = 0; path = Pods_VOM_Task.framework; sourceTree = BUILT_PRODUCTS_DIR; };
		8F547D639B60C93AF905D76E /* Pods-VOM-Task.release.xcconfig */ = {isa = PBXFileReference; includeInIndex = 1; lastKnownFileType = text.xcconfig; name = "Pods-VOM-Task.release.xcconfig"; path = "Target Support Files/Pods-VOM-Task/Pods-VOM-Task.release.xcconfig"; sourceTree = "<group>"; };
		AFAFB0F5FE642247488DF690 /* Pods-VOM-Task.debug.xcconfig */ = {isa = PBXFileReference; includeInIndex = 1; lastKnownFileType = text.xcconfig; name = "Pods-VOM-Task.debug.xcconfig"; path = "Target Support Files/Pods-VOM-Task/Pods-VOM-Task.debug.xcconfig"; sourceTree = "<group>"; };
		BF7119CD29424AAE00BB95D1 /* VOM-Task.app */ = {isa = PBXFileReference; explicitFileType = wrapper.application; includeInIndex = 0; path = "VOM-Task.app"; sourceTree = BUILT_PRODUCTS_DIR; };
		BF7119D029424AAE00BB95D1 /* AppDelegate.swift */ = {isa = PBXFileReference; lastKnownFileType = sourcecode.swift; path = AppDelegate.swift; sourceTree = "<group>"; };
		BF7119D229424AAE00BB95D1 /* SceneDelegate.swift */ = {isa = PBXFileReference; lastKnownFileType = sourcecode.swift; path = SceneDelegate.swift; sourceTree = "<group>"; };
		BF7119D929424AB100BB95D1 /* Assets.xcassets */ = {isa = PBXFileReference; lastKnownFileType = folder.assetcatalog; path = Assets.xcassets; sourceTree = "<group>"; };
		BF7119DC29424AB100BB95D1 /* Base */ = {isa = PBXFileReference; lastKnownFileType = file.storyboard; name = Base; path = Base.lproj/LaunchScreen.storyboard; sourceTree = "<group>"; };
		BF7119DE29424AB100BB95D1 /* Info.plist */ = {isa = PBXFileReference; lastKnownFileType = text.plist.xml; path = Info.plist; sourceTree = "<group>"; };
		BFB8859529425C7100C6B820 /* NetworkManager.swift */ = {isa = PBXFileReference; lastKnownFileType = sourcecode.swift; path = NetworkManager.swift; sourceTree = "<group>"; };
		BFB8859729425D0F00C6B820 /* NetworkManager+ParseResponse.swift */ = {isa = PBXFileReference; lastKnownFileType = sourcecode.swift; path = "NetworkManager+ParseResponse.swift"; sourceTree = "<group>"; };
		BFB8859929425D1F00C6B820 /* NetworkDefaults.swift */ = {isa = PBXFileReference; lastKnownFileType = sourcecode.swift; path = NetworkDefaults.swift; sourceTree = "<group>"; };
		BFB8859E29425D7400C6B820 /* NetworkError.swift */ = {isa = PBXFileReference; lastKnownFileType = sourcecode.swift; path = NetworkError.swift; sourceTree = "<group>"; };
		BFB885A4294260B200C6B820 /* FixerService.swift */ = {isa = PBXFileReference; lastKnownFileType = sourcecode.swift; path = FixerService.swift; sourceTree = "<group>"; };
		BFB885A6294260E200C6B820 /* NetworkManager+Fixer.swift */ = {isa = PBXFileReference; lastKnownFileType = sourcecode.swift; path = "NetworkManager+Fixer.swift"; sourceTree = "<group>"; };
		BFB885A8294262D300C6B820 /* AppDelegate+Extension.swift */ = {isa = PBXFileReference; lastKnownFileType = sourcecode.swift; path = "AppDelegate+Extension.swift"; sourceTree = "<group>"; };
		BFB885AE29426D4000C6B820 /* CurrencyDataModel.swift */ = {isa = PBXFileReference; lastKnownFileType = sourcecode.swift; path = CurrencyDataModel.swift; sourceTree = "<group>"; };
		BFB885B22942766E00C6B820 /* HomeViewController.swift */ = {isa = PBXFileReference; lastKnownFileType = sourcecode.swift; path = HomeViewController.swift; sourceTree = "<group>"; };
		BFB885B32942766E00C6B820 /* HomeViewController.xib */ = {isa = PBXFileReference; lastKnownFileType = file.xib; path = HomeViewController.xib; sourceTree = "<group>"; };
		BFB885B62942767D00C6B820 /* HomeViewModel.swift */ = {isa = PBXFileReference; lastKnownFileType = sourcecode.swift; path = HomeViewModel.swift; sourceTree = "<group>"; };
		BFB885B929431F8F00C6B820 /* BaseViewController.swift */ = {isa = PBXFileReference; lastKnownFileType = sourcecode.swift; path = BaseViewController.swift; sourceTree = "<group>"; };
		BFB885BD294322BD00C6B820 /* Loader.swift */ = {isa = PBXFileReference; lastKnownFileType = sourcecode.swift; path = Loader.swift; sourceTree = "<group>"; };
		BFB885BF294322F100C6B820 /* LoaderProtocol.swift */ = {isa = PBXFileReference; lastKnownFileType = sourcecode.swift; path = LoaderProtocol.swift; sourceTree = "<group>"; };
		BFB885C12943257E00C6B820 /* DetailsViewController.swift */ = {isa = PBXFileReference; lastKnownFileType = sourcecode.swift; path = DetailsViewController.swift; sourceTree = "<group>"; };
		BFB885C22943257E00C6B820 /* DetailsViewController.xib */ = {isa = PBXFileReference; lastKnownFileType = file.xib; path = DetailsViewController.xib; sourceTree = "<group>"; };
		BFB885C52943259400C6B820 /* DetailsViewModel.swift */ = {isa = PBXFileReference; lastKnownFileType = sourcecode.swift; path = DetailsViewModel.swift; sourceTree = "<group>"; };
		BFB885C72943262500C6B820 /* BaseViewModelProtocol.swift */ = {isa = PBXFileReference; lastKnownFileType = sourcecode.swift; path = BaseViewModelProtocol.swift; sourceTree = "<group>"; };
		BFB885CA29432BF400C6B820 /* CurrencyTableViewCell.swift */ = {isa = PBXFileReference; lastKnownFileType = sourcecode.swift; path = CurrencyTableViewCell.swift; sourceTree = "<group>"; };
		BFB885CB29432BF400C6B820 /* CurrencyTableViewCell.xib */ = {isa = PBXFileReference; lastKnownFileType = file.xib; path = CurrencyTableViewCell.xib; sourceTree = "<group>"; };
		BFB885CF29432C4400C6B820 /* NSObject+Extension.swift */ = {isa = PBXFileReference; lastKnownFileType = sourcecode.swift; path = "NSObject+Extension.swift"; sourceTree = "<group>"; };
		BFB885D129433BD600C6B820 /* CurrencySymbolModel.swift */ = {isa = PBXFileReference; lastKnownFileType = sourcecode.swift; path = CurrencySymbolModel.swift; sourceTree = "<group>"; };
		BFB885D32943562B00C6B820 /* UIColor+app.swift */ = {isa = PBXFileReference; lastKnownFileType = sourcecode.swift; path = "UIColor+app.swift"; sourceTree = "<group>"; };
		BFB885D72943567800C6B820 /* Colors.xcassets */ = {isa = PBXFileReference; lastKnownFileType = folder.assetcatalog; path = Colors.xcassets; sourceTree = "<group>"; };
		BFB885DA29435E7E00C6B820 /* AppNavigationController.swift */ = {isa = PBXFileReference; lastKnownFileType = sourcecode.swift; path = AppNavigationController.swift; sourceTree = "<group>"; };
		BFB885DC2944866400C6B820 /* ConvertCurrencyModel.swift */ = {isa = PBXFileReference; lastKnownFileType = sourcecode.swift; path = ConvertCurrencyModel.swift; sourceTree = "<group>"; };
/* End PBXFileReference section */

/* Begin PBXFrameworksBuildPhase section */
		BF7119CA29424AAE00BB95D1 /* Frameworks */ = {
			isa = PBXFrameworksBuildPhase;
			buildActionMask = 2147483647;
			files = (
				9BD317FF3ECA2CB453B8D703 /* Pods_VOM_Task.framework in Frameworks */,
			);
			runOnlyForDeploymentPostprocessing = 0;
		};
/* End PBXFrameworksBuildPhase section */

/* Begin PBXGroup section */
		926911D4ECA22DD9A48DC94E /* Frameworks */ = {
			isa = PBXGroup;
			children = (
				5A0F707A14CDDA54E0D65114 /* Pods_VOM_Task.framework */,
			);
			name = Frameworks;
			sourceTree = "<group>";
		};
		BF7119C429424AAE00BB95D1 = {
			isa = PBXGroup;
			children = (
				BF7119CF29424AAE00BB95D1 /* VOM-Task */,
				BF7119CE29424AAE00BB95D1 /* Products */,
				F1372F8193E10EB86711DAF0 /* Pods */,
				926911D4ECA22DD9A48DC94E /* Frameworks */,
			);
			sourceTree = "<group>";
		};
		BF7119CE29424AAE00BB95D1 /* Products */ = {
			isa = PBXGroup;
			children = (
				BF7119CD29424AAE00BB95D1 /* VOM-Task.app */,
			);
			name = Products;
			sourceTree = "<group>";
		};
		BF7119CF29424AAE00BB95D1 /* VOM-Task */ = {
			isa = PBXGroup;
			children = (
				BFB885912942593300C6B820 /* AppDelegate+SceneDelegate */,
				BFB885922942594900C6B820 /* StoryBoard */,
				BFB8859329425A2300C6B820 /* Resources */,
				BFB8859429425C5800C6B820 /* NetworkServices */,
				BFB8859B29425D4700C6B820 /* Models */,
				BFB885CE29432C3600C6B820 /* Extension */,
				BFB885B829431F7F00C6B820 /* Base */,
				BFB885BB294322A900C6B820 /* Custom */,
				BFB885AA2942651A00C6B820 /* Scenes */,
				BF7119DE29424AB100BB95D1 /* Info.plist */,
			);
			path = "VOM-Task";
			sourceTree = "<group>";
		};
		BFB885912942593300C6B820 /* AppDelegate+SceneDelegate */ = {
			isa = PBXGroup;
			children = (
				BF7119D029424AAE00BB95D1 /* AppDelegate.swift */,
				BFB885A8294262D300C6B820 /* AppDelegate+Extension.swift */,
				BF7119D229424AAE00BB95D1 /* SceneDelegate.swift */,
			);
			path = "AppDelegate+SceneDelegate";
			sourceTree = "<group>";
		};
		BFB885922942594900C6B820 /* StoryBoard */ = {
			isa = PBXGroup;
			children = (
				BF7119DB29424AB100BB95D1 /* LaunchScreen.storyboard */,
			);
			path = StoryBoard;
			sourceTree = "<group>";
		};
		BFB8859329425A2300C6B820 /* Resources */ = {
			isa = PBXGroup;
			children = (
				BFB885D62943565300C6B820 /* Assets */,
				BFB885D52943565100C6B820 /* Colors */,
			);
			path = Resources;
			sourceTree = "<group>";
		};
		BFB8859429425C5800C6B820 /* NetworkServices */ = {
			isa = PBXGroup;
			children = (
				BFB885A229425E1E00C6B820 /* Services */,
				BFB8859529425C7100C6B820 /* NetworkManager.swift */,
				BFB8859729425D0F00C6B820 /* NetworkManager+ParseResponse.swift */,
				BFB8859929425D1F00C6B820 /* NetworkDefaults.swift */,
			);
			path = NetworkServices;
			sourceTree = "<group>";
		};
		BFB8859B29425D4700C6B820 /* Models */ = {
			isa = PBXGroup;
			children = (
				BFB885AB29426B7600C6B820 /* Fixer */,
				BFB8859E29425D7400C6B820 /* NetworkError.swift */,
			);
			path = Models;
			sourceTree = "<group>";
		};
		BFB885A229425E1E00C6B820 /* Services */ = {
			isa = PBXGroup;
			children = (
				BFB885A32942609000C6B820 /* Fixer Service */,
			);
			path = Services;
			sourceTree = "<group>";
		};
		BFB885A32942609000C6B820 /* Fixer Service */ = {
			isa = PBXGroup;
			children = (
				BFB885A4294260B200C6B820 /* FixerService.swift */,
				BFB885A6294260E200C6B820 /* NetworkManager+Fixer.swift */,
			);
			path = "Fixer Service";
			sourceTree = "<group>";
		};
		BFB885AA2942651A00C6B820 /* Scenes */ = {
			isa = PBXGroup;
			children = (
				BFB885B0294271B300C6B820 /* Home */,
				BFB885B1294271BA00C6B820 /* Details */,
			);
			path = Scenes;
			sourceTree = "<group>";
		};
		BFB885AB29426B7600C6B820 /* Fixer */ = {
			isa = PBXGroup;
			children = (
				BFB885AE29426D4000C6B820 /* CurrencyDataModel.swift */,
				BFB885D129433BD600C6B820 /* CurrencySymbolModel.swift */,
				BFB885DC2944866400C6B820 /* ConvertCurrencyModel.swift */,
			);
			path = Fixer;
			sourceTree = "<group>";
		};
		BFB885B0294271B300C6B820 /* Home */ = {
			isa = PBXGroup;
			children = (
				BFB885C929432BE000C6B820 /* Cell */,
				BFB885B22942766E00C6B820 /* HomeViewController.swift */,
				BFB885B32942766E00C6B820 /* HomeViewController.xib */,
				BFB885B62942767D00C6B820 /* HomeViewModel.swift */,
			);
			path = Home;
			sourceTree = "<group>";
		};
		BFB885B1294271BA00C6B820 /* Details */ = {
			isa = PBXGroup;
			children = (
				BFB885C12943257E00C6B820 /* DetailsViewController.swift */,
				BFB885C22943257E00C6B820 /* DetailsViewController.xib */,
				BFB885C52943259400C6B820 /* DetailsViewModel.swift */,
			);
			path = Details;
			sourceTree = "<group>";
		};
		BFB885B829431F7F00C6B820 /* Base */ = {
			isa = PBXGroup;
			children = (
				BFB885B929431F8F00C6B820 /* BaseViewController.swift */,
				BFB885C72943262500C6B820 /* BaseViewModelProtocol.swift */,
			);
			path = Base;
			sourceTree = "<group>";
		};
		BFB885BB294322A900C6B820 /* Custom */ = {
			isa = PBXGroup;
			children = (
				BFB885D929435E6F00C6B820 /* NavigationControllers */,
				BFB885BC294322B000C6B820 /* Loader */,
			);
			path = Custom;
			sourceTree = "<group>";
		};
		BFB885BC294322B000C6B820 /* Loader */ = {
			isa = PBXGroup;
			children = (
				BFB885BD294322BD00C6B820 /* Loader.swift */,
				BFB885BF294322F100C6B820 /* LoaderProtocol.swift */,
			);
			path = Loader;
			sourceTree = "<group>";
		};
		BFB885C929432BE000C6B820 /* Cell */ = {
			isa = PBXGroup;
			children = (
				BFB885CA29432BF400C6B820 /* CurrencyTableViewCell.swift */,
				BFB885CB29432BF400C6B820 /* CurrencyTableViewCell.xib */,
			);
			path = Cell;
			sourceTree = "<group>";
		};
		BFB885CE29432C3600C6B820 /* Extension */ = {
			isa = PBXGroup;
			children = (
				BFB885CF29432C4400C6B820 /* NSObject+Extension.swift */,
				BFB885D32943562B00C6B820 /* UIColor+app.swift */,
			);
			path = Extension;
			sourceTree = "<group>";
		};
		BFB885D52943565100C6B820 /* Colors */ = {
			isa = PBXGroup;
			children = (
				BFB885D72943567800C6B820 /* Colors.xcassets */,
			);
			path = Colors;
			sourceTree = "<group>";
		};
		BFB885D62943565300C6B820 /* Assets */ = {
			isa = PBXGroup;
			children = (
				BF7119D929424AB100BB95D1 /* Assets.xcassets */,
			);
			path = Assets;
			sourceTree = "<group>";
		};
		BFB885D929435E6F00C6B820 /* NavigationControllers */ = {
			isa = PBXGroup;
			children = (
				BFB885DA29435E7E00C6B820 /* AppNavigationController.swift */,
			);
			path = NavigationControllers;
			sourceTree = "<group>";
		};
		F1372F8193E10EB86711DAF0 /* Pods */ = {
			isa = PBXGroup;
			children = (
				AFAFB0F5FE642247488DF690 /* Pods-VOM-Task.debug.xcconfig */,
				8F547D639B60C93AF905D76E /* Pods-VOM-Task.release.xcconfig */,
			);
			path = Pods;
			sourceTree = "<group>";
		};
/* End PBXGroup section */

/* Begin PBXNativeTarget section */
		BF7119CC29424AAE00BB95D1 /* VOM-Task */ = {
			isa = PBXNativeTarget;
			buildConfigurationList = BF7119E129424AB100BB95D1 /* Build configuration list for PBXNativeTarget "VOM-Task" */;
			buildPhases = (
				F94A7F5F6CE2F65C18CAF290 /* [CP] Check Pods Manifest.lock */,
				BF7119C929424AAE00BB95D1 /* Sources */,
				BF7119CA29424AAE00BB95D1 /* Frameworks */,
				BF7119CB29424AAE00BB95D1 /* Resources */,
				BE7C019C6C714C0FF04C726C /* [CP] Embed Pods Frameworks */,
			);
			buildRules = (
			);
			dependencies = (
			);
			name = "VOM-Task";
			productName = "VOM-Task";
			productReference = BF7119CD29424AAE00BB95D1 /* VOM-Task.app */;
			productType = "com.apple.product-type.application";
		};
/* End PBXNativeTarget section */

/* Begin PBXProject section */
		BF7119C529424AAE00BB95D1 /* Project object */ = {
			isa = PBXProject;
			attributes = {
				BuildIndependentTargetsInParallel = 1;
				LastSwiftUpdateCheck = 1400;
				LastUpgradeCheck = 1400;
				TargetAttributes = {
					BF7119CC29424AAE00BB95D1 = {
						CreatedOnToolsVersion = 14.0.1;
					};
				};
			};
			buildConfigurationList = BF7119C829424AAE00BB95D1 /* Build configuration list for PBXProject "VOM-Task" */;
			compatibilityVersion = "Xcode 13.0";
			developmentRegion = en;
			hasScannedForEncodings = 0;
			knownRegions = (
				en,
				Base,
			);
			mainGroup = BF7119C429424AAE00BB95D1;
			productRefGroup = BF7119CE29424AAE00BB95D1 /* Products */;
			projectDirPath = "";
			projectRoot = "";
			targets = (
				BF7119CC29424AAE00BB95D1 /* VOM-Task */,
			);
		};
/* End PBXProject section */

/* Begin PBXResourcesBuildPhase section */
		BF7119CB29424AAE00BB95D1 /* Resources */ = {
			isa = PBXResourcesBuildPhase;
			buildActionMask = 2147483647;
			files = (
				BF7119DD29424AB100BB95D1 /* LaunchScreen.storyboard in Resources */,
				BFB885CD29432BF400C6B820 /* CurrencyTableViewCell.xib in Resources */,
				BF7119DA29424AB100BB95D1 /* Assets.xcassets in Resources */,
				BFB885D82943567800C6B820 /* Colors.xcassets in Resources */,
				BFB885B52942766E00C6B820 /* HomeViewController.xib in Resources */,
				BFB885C42943257E00C6B820 /* DetailsViewController.xib in Resources */,
			);
			runOnlyForDeploymentPostprocessing = 0;
		};
/* End PBXResourcesBuildPhase section */

/* Begin PBXShellScriptBuildPhase section */
		BE7C019C6C714C0FF04C726C /* [CP] Embed Pods Frameworks */ = {
			isa = PBXShellScriptBuildPhase;
			buildActionMask = 2147483647;
			files = (
			);
			inputFileListPaths = (
				"${PODS_ROOT}/Target Support Files/Pods-VOM-Task/Pods-VOM-Task-frameworks-${CONFIGURATION}-input-files.xcfilelist",
			);
			name = "[CP] Embed Pods Frameworks";
			outputFileListPaths = (
				"${PODS_ROOT}/Target Support Files/Pods-VOM-Task/Pods-VOM-Task-frameworks-${CONFIGURATION}-output-files.xcfilelist",
			);
			runOnlyForDeploymentPostprocessing = 0;
			shellPath = /bin/sh;
			shellScript = "\"${PODS_ROOT}/Target Support Files/Pods-VOM-Task/Pods-VOM-Task-frameworks.sh\"\n";
			showEnvVarsInLog = 0;
		};
		F94A7F5F6CE2F65C18CAF290 /* [CP] Check Pods Manifest.lock */ = {
			isa = PBXShellScriptBuildPhase;
			buildActionMask = 2147483647;
			files = (
			);
			inputFileListPaths = (
			);
			inputPaths = (
				"${PODS_PODFILE_DIR_PATH}/Podfile.lock",
				"${PODS_ROOT}/Manifest.lock",
			);
			name = "[CP] Check Pods Manifest.lock";
			outputFileListPaths = (
			);
			outputPaths = (
				"$(DERIVED_FILE_DIR)/Pods-VOM-Task-checkManifestLockResult.txt",
			);
			runOnlyForDeploymentPostprocessing = 0;
			shellPath = /bin/sh;
			shellScript = "diff \"${PODS_PODFILE_DIR_PATH}/Podfile.lock\" \"${PODS_ROOT}/Manifest.lock\" > /dev/null\nif [ $? != 0 ] ; then\n    # print error to STDERR\n    echo \"error: The sandbox is not in sync with the Podfile.lock. Run 'pod install' or update your CocoaPods installation.\" >&2\n    exit 1\nfi\n# This output is used by Xcode 'outputs' to avoid re-running this script phase.\necho \"SUCCESS\" > \"${SCRIPT_OUTPUT_FILE_0}\"\n";
			showEnvVarsInLog = 0;
		};
/* End PBXShellScriptBuildPhase section */

/* Begin PBXSourcesBuildPhase section */
		BF7119C929424AAE00BB95D1 /* Sources */ = {
			isa = PBXSourcesBuildPhase;
			buildActionMask = 2147483647;
			files = (
				BFB885A5294260B200C6B820 /* FixerService.swift in Sources */,
				BFB8859629425C7100C6B820 /* NetworkManager.swift in Sources */,
				BFB885D029432C4400C6B820 /* NSObject+Extension.swift in Sources */,
				BFB885B72942767D00C6B820 /* HomeViewModel.swift in Sources */,
				BFB885D229433BD600C6B820 /* CurrencySymbolModel.swift in Sources */,
				BFB8859F29425D7400C6B820 /* NetworkError.swift in Sources */,
				BFB885AF29426D4000C6B820 /* CurrencyDataModel.swift in Sources */,
				BFB885B42942766E00C6B820 /* HomeViewController.swift in Sources */,
				BFB885C62943259400C6B820 /* DetailsViewModel.swift in Sources */,
				BFB885DB29435E7E00C6B820 /* AppNavigationController.swift in Sources */,
				BFB885A7294260E200C6B820 /* NetworkManager+Fixer.swift in Sources */,
				BFB885BE294322BD00C6B820 /* Loader.swift in Sources */,
				BFB8859829425D0F00C6B820 /* NetworkManager+ParseResponse.swift in Sources */,
				BFB885D42943562B00C6B820 /* UIColor+app.swift in Sources */,
				BFB885C82943262500C6B820 /* BaseViewModelProtocol.swift in Sources */,
				BF7119D129424AAE00BB95D1 /* AppDelegate.swift in Sources */,
				BFB885C32943257E00C6B820 /* DetailsViewController.swift in Sources */,
				BFB885CC29432BF400C6B820 /* CurrencyTableViewCell.swift in Sources */,
				BFB885DD2944866400C6B820 /* ConvertCurrencyModel.swift in Sources */,
				BFB8859A29425D1F00C6B820 /* NetworkDefaults.swift in Sources */,
				BFB885BA29431F8F00C6B820 /* BaseViewController.swift in Sources */,
				BFB885A9294262D300C6B820 /* AppDelegate+Extension.swift in Sources */,
				BFB885C0294322F100C6B820 /* LoaderProtocol.swift in Sources */,
				BF7119D329424AAE00BB95D1 /* SceneDelegate.swift in Sources */,
			);
			runOnlyForDeploymentPostprocessing = 0;
		};
/* End PBXSourcesBuildPhase section */

/* Begin PBXVariantGroup section */
		BF7119DB29424AB100BB95D1 /* LaunchScreen.storyboard */ = {
			isa = PBXVariantGroup;
			children = (
				BF7119DC29424AB100BB95D1 /* Base */,
			);
			name = LaunchScreen.storyboard;
			sourceTree = "<group>";
		};
/* End PBXVariantGroup section */

/* Begin XCBuildConfiguration section */
		BF7119DF29424AB100BB95D1 /* Debug */ = {
			isa = XCBuildConfiguration;
			buildSettings = {
				ALWAYS_SEARCH_USER_PATHS = NO;
				CLANG_ANALYZER_NONNULL = YES;
				CLANG_ANALYZER_NUMBER_OBJECT_CONVERSION = YES_AGGRESSIVE;
				CLANG_CXX_LANGUAGE_STANDARD = "gnu++20";
				CLANG_ENABLE_MODULES = YES;
				CLANG_ENABLE_OBJC_ARC = YES;
				CLANG_ENABLE_OBJC_WEAK = YES;
				CLANG_WARN_BLOCK_CAPTURE_AUTORELEASING = YES;
				CLANG_WARN_BOOL_CONVERSION = YES;
				CLANG_WARN_COMMA = YES;
				CLANG_WARN_CONSTANT_CONVERSION = YES;
				CLANG_WARN_DEPRECATED_OBJC_IMPLEMENTATIONS = YES;
				CLANG_WARN_DIRECT_OBJC_ISA_USAGE = YES_ERROR;
				CLANG_WARN_DOCUMENTATION_COMMENTS = YES;
				CLANG_WARN_EMPTY_BODY = YES;
				CLANG_WARN_ENUM_CONVERSION = YES;
				CLANG_WARN_INFINITE_RECURSION = YES;
				CLANG_WARN_INT_CONVERSION = YES;
				CLANG_WARN_NON_LITERAL_NULL_CONVERSION = YES;
				CLANG_WARN_OBJC_IMPLICIT_RETAIN_SELF = YES;
				CLANG_WARN_OBJC_LITERAL_CONVERSION = YES;
				CLANG_WARN_OBJC_ROOT_CLASS = YES_ERROR;
				CLANG_WARN_QUOTED_INCLUDE_IN_FRAMEWORK_HEADER = YES;
				CLANG_WARN_RANGE_LOOP_ANALYSIS = YES;
				CLANG_WARN_STRICT_PROTOTYPES = YES;
				CLANG_WARN_SUSPICIOUS_MOVE = YES;
				CLANG_WARN_UNGUARDED_AVAILABILITY = YES_AGGRESSIVE;
				CLANG_WARN_UNREACHABLE_CODE = YES;
				CLANG_WARN__DUPLICATE_METHOD_MATCH = YES;
				COPY_PHASE_STRIP = NO;
				DEBUG_INFORMATION_FORMAT = dwarf;
				ENABLE_STRICT_OBJC_MSGSEND = YES;
				ENABLE_TESTABILITY = YES;
				GCC_C_LANGUAGE_STANDARD = gnu11;
				GCC_DYNAMIC_NO_PIC = NO;
				GCC_NO_COMMON_BLOCKS = YES;
				GCC_OPTIMIZATION_LEVEL = 0;
				GCC_PREPROCESSOR_DEFINITIONS = (
					"DEBUG=1",
					"$(inherited)",
				);
				GCC_WARN_64_TO_32_BIT_CONVERSION = YES;
				GCC_WARN_ABOUT_RETURN_TYPE = YES_ERROR;
				GCC_WARN_UNDECLARED_SELECTOR = YES;
				GCC_WARN_UNINITIALIZED_AUTOS = YES_AGGRESSIVE;
				GCC_WARN_UNUSED_FUNCTION = YES;
				GCC_WARN_UNUSED_VARIABLE = YES;
				IPHONEOS_DEPLOYMENT_TARGET = 16.0;
				MTL_ENABLE_DEBUG_INFO = INCLUDE_SOURCE;
				MTL_FAST_MATH = YES;
				ONLY_ACTIVE_ARCH = YES;
				SDKROOT = iphoneos;
				SWIFT_ACTIVE_COMPILATION_CONDITIONS = DEBUG;
				SWIFT_OPTIMIZATION_LEVEL = "-Onone";
			};
			name = Debug;
		};
		BF7119E029424AB100BB95D1 /* Release */ = {
			isa = XCBuildConfiguration;
			buildSettings = {
				ALWAYS_SEARCH_USER_PATHS = NO;
				CLANG_ANALYZER_NONNULL = YES;
				CLANG_ANALYZER_NUMBER_OBJECT_CONVERSION = YES_AGGRESSIVE;
				CLANG_CXX_LANGUAGE_STANDARD = "gnu++20";
				CLANG_ENABLE_MODULES = YES;
				CLANG_ENABLE_OBJC_ARC = YES;
				CLANG_ENABLE_OBJC_WEAK = YES;
				CLANG_WARN_BLOCK_CAPTURE_AUTORELEASING = YES;
				CLANG_WARN_BOOL_CONVERSION = YES;
				CLANG_WARN_COMMA = YES;
				CLANG_WARN_CONSTANT_CONVERSION = YES;
				CLANG_WARN_DEPRECATED_OBJC_IMPLEMENTATIONS = YES;
				CLANG_WARN_DIRECT_OBJC_ISA_USAGE = YES_ERROR;
				CLANG_WARN_DOCUMENTATION_COMMENTS = YES;
				CLANG_WARN_EMPTY_BODY = YES;
				CLANG_WARN_ENUM_CONVERSION = YES;
				CLANG_WARN_INFINITE_RECURSION = YES;
				CLANG_WARN_INT_CONVERSION = YES;
				CLANG_WARN_NON_LITERAL_NULL_CONVERSION = YES;
				CLANG_WARN_OBJC_IMPLICIT_RETAIN_SELF = YES;
				CLANG_WARN_OBJC_LITERAL_CONVERSION = YES;
				CLANG_WARN_OBJC_ROOT_CLASS = YES_ERROR;
				CLANG_WARN_QUOTED_INCLUDE_IN_FRAMEWORK_HEADER = YES;
				CLANG_WARN_RANGE_LOOP_ANALYSIS = YES;
				CLANG_WARN_STRICT_PROTOTYPES = YES;
				CLANG_WARN_SUSPICIOUS_MOVE = YES;
				CLANG_WARN_UNGUARDED_AVAILABILITY = YES_AGGRESSIVE;
				CLANG_WARN_UNREACHABLE_CODE = YES;
				CLANG_WARN__DUPLICATE_METHOD_MATCH = YES;
				COPY_PHASE_STRIP = NO;
				DEBUG_INFORMATION_FORMAT = "dwarf-with-dsym";
				ENABLE_NS_ASSERTIONS = NO;
				ENABLE_STRICT_OBJC_MSGSEND = YES;
				GCC_C_LANGUAGE_STANDARD = gnu11;
				GCC_NO_COMMON_BLOCKS = YES;
				GCC_WARN_64_TO_32_BIT_CONVERSION = YES;
				GCC_WARN_ABOUT_RETURN_TYPE = YES_ERROR;
				GCC_WARN_UNDECLARED_SELECTOR = YES;
				GCC_WARN_UNINITIALIZED_AUTOS = YES_AGGRESSIVE;
				GCC_WARN_UNUSED_FUNCTION = YES;
				GCC_WARN_UNUSED_VARIABLE = YES;
				IPHONEOS_DEPLOYMENT_TARGET = 16.0;
				MTL_ENABLE_DEBUG_INFO = NO;
				MTL_FAST_MATH = YES;
				SDKROOT = iphoneos;
				SWIFT_COMPILATION_MODE = wholemodule;
				SWIFT_OPTIMIZATION_LEVEL = "-O";
				VALIDATE_PRODUCT = YES;
			};
			name = Release;
		};
		BF7119E229424AB100BB95D1 /* Debug */ = {
			isa = XCBuildConfiguration;
			baseConfigurationReference = AFAFB0F5FE642247488DF690 /* Pods-VOM-Task.debug.xcconfig */;
			buildSettings = {
				ASSETCATALOG_COMPILER_APPICON_NAME = AppIcon;
				ASSETCATALOG_COMPILER_GLOBAL_ACCENT_COLOR_NAME = AccentColor;
				CODE_SIGN_STYLE = Automatic;
				CURRENT_PROJECT_VERSION = 1;
				GENERATE_INFOPLIST_FILE = YES;
				INFOPLIST_FILE = "VOM-Task/Info.plist";
				INFOPLIST_KEY_UIApplicationSupportsIndirectInputEvents = YES;
				INFOPLIST_KEY_UILaunchStoryboardName = LaunchScreen;
				INFOPLIST_KEY_UISupportedInterfaceOrientations = UIInterfaceOrientationPortrait;
				INFOPLIST_KEY_UISupportedInterfaceOrientations_iPad = "UIInterfaceOrientationPortrait UIInterfaceOrientationPortraitUpsideDown";
				LD_RUNPATH_SEARCH_PATHS = (
					"$(inherited)",
					"@executable_path/Frameworks",
				);
				MARKETING_VERSION = 1.0;
				PRODUCT_BUNDLE_IDENTIFIER = "omnia.samy.VOM-Task";
				PRODUCT_NAME = "$(TARGET_NAME)";
				SUPPORTED_PLATFORMS = "iphoneos iphonesimulator";
				SUPPORTS_MACCATALYST = NO;
				SUPPORTS_MAC_DESIGNED_FOR_IPHONE_IPAD = YES;
				SWIFT_EMIT_LOC_STRINGS = YES;
				SWIFT_VERSION = 5.0;
				TARGETED_DEVICE_FAMILY = 1;
			};
			name = Debug;
		};
		BF7119E329424AB100BB95D1 /* Release */ = {
			isa = XCBuildConfiguration;
			baseConfigurationReference = 8F547D639B60C93AF905D76E /* Pods-VOM-Task.release.xcconfig */;
			buildSettings = {
				ASSETCATALOG_COMPILER_APPICON_NAME = AppIcon;
				ASSETCATALOG_COMPILER_GLOBAL_ACCENT_COLOR_NAME = AccentColor;
				CODE_SIGN_STYLE = Automatic;
				CURRENT_PROJECT_VERSION = 1;
				GENERATE_INFOPLIST_FILE = YES;
				INFOPLIST_FILE = "VOM-Task/Info.plist";
				INFOPLIST_KEY_UIApplicationSupportsIndirectInputEvents = YES;
				INFOPLIST_KEY_UILaunchStoryboardName = LaunchScreen;
				INFOPLIST_KEY_UISupportedInterfaceOrientations = UIInterfaceOrientationPortrait;
				INFOPLIST_KEY_UISupportedInterfaceOrientations_iPad = "UIInterfaceOrientationPortrait UIInterfaceOrientationPortraitUpsideDown";
				LD_RUNPATH_SEARCH_PATHS = (
					"$(inherited)",
					"@executable_path/Frameworks",
				);
				MARKETING_VERSION = 1.0;
				PRODUCT_BUNDLE_IDENTIFIER = "omnia.samy.VOM-Task";
				PRODUCT_NAME = "$(TARGET_NAME)";
				SUPPORTED_PLATFORMS = "iphoneos iphonesimulator";
				SUPPORTS_MACCATALYST = NO;
				SUPPORTS_MAC_DESIGNED_FOR_IPHONE_IPAD = YES;
				SWIFT_EMIT_LOC_STRINGS = YES;
				SWIFT_VERSION = 5.0;
				TARGETED_DEVICE_FAMILY = 1;
			};
			name = Release;
		};
/* End XCBuildConfiguration section */

/* Begin XCConfigurationList section */
		BF7119C829424AAE00BB95D1 /* Build configuration list for PBXProject "VOM-Task" */ = {
			isa = XCConfigurationList;
			buildConfigurations = (
				BF7119DF29424AB100BB95D1 /* Debug */,
				BF7119E029424AB100BB95D1 /* Release */,
			);
			defaultConfigurationIsVisible = 0;
			defaultConfigurationName = Release;
		};
		BF7119E129424AB100BB95D1 /* Build configuration list for PBXNativeTarget "VOM-Task" */ = {
			isa = XCConfigurationList;
			buildConfigurations = (
				BF7119E229424AB100BB95D1 /* Debug */,
				BF7119E329424AB100BB95D1 /* Release */,
			);
			defaultConfigurationIsVisible = 0;
			defaultConfigurationName = Release;
		};
/* End XCConfigurationList section */
	};
	rootObject = BF7119C529424AAE00BB95D1 /* Project object */;
}
